
Microsoft Visual Studio Solution File, Format Version 12.00
# Visual Studio Version 17
VisualStudioVersion = 17.0.31903.59
MinimumVisualStudioVersion = 10.0.40219.1
Project("{FAE04EC0-301F-11D3-BF4B-00C04F79EFBC}") = "ReadX", "src\ReadX.csproj", "{2D28424E-A309-459D-8CBB-1E60831461E7}"
EndProject
Project("{2150E333-8FDC-42A3-9474-1A3956D46DE8}") = "tests", "tests", "{46CFD284-D5B5-46A4-8F30-00E0C52F9CE1}"
EndProject
Project("{FAE04EC0-301F-11D3-BF4B-00C04F79EFBC}") = "ReadX.Tests", "tests\ReadX.Tests\ReadX.Tests.csproj", "{2ACCA9C0-6CC2-4177-B517-46B8CA087B90}"
EndProject
Global
	GlobalSection(SolutionConfigurationPlatforms) = preSolution
		Debug|Any CPU = Debug|Any CPU
		Release|Any CPU = Release|Any CPU
	EndGlobalSection
	GlobalSection(SolutionProperties) = preSolution
		HideSolutionNode = FALSE
	EndGlobalSection
	GlobalSection(ProjectConfigurationPlatforms) = postSolution
		{2D28424E-A309-459D-8CBB-1E60831461E7}.Debug|Any CPU.ActiveCfg = Debug|Any CPU
		{2D28424E-A309-459D-8CBB-1E60831461E7}.Debug|Any CPU.Build.0 = Debug|Any CPU
		{2D28424E-A309-459D-8CBB-1E60831461E7}.Release|Any CPU.ActiveCfg = Release|Any CPU
		{2D28424E-A309-459D-8CBB-1E60831461E7}.Release|Any CPU.Build.0 = Release|Any CPU
		{2ACCA9C0-6CC2-4177-B517-46B8CA087B90}.Debug|Any CPU.ActiveCfg = Debug|Any CPU
		{2ACCA9C0-6CC2-4177-B517-46B8CA087B90}.Debug|Any CPU.Build.0 = Debug|Any CPU
		{2ACCA9C0-6CC2-4177-B517-46B8CA087B90}.Release|Any CPU.ActiveCfg = Release|Any CPU
		{2ACCA9C0-6CC2-4177-B517-46B8CA087B90}.Release|Any CPU.Build.0 = Release|Any CPU
	EndGlobalSection
	GlobalSection(NestedProjects) = preSolution
		{2ACCA9C0-6CC2-4177-B517-46B8CA087B90} = {46CFD284-D5B5-46A4-8F30-00E0C52F9CE1}
	EndGlobalSection
EndGlobal
